
Microsoft Visual Studio Solution File, Format Version 12.00
# Visual Studio Version 16
VisualStudioVersion = 16.0.30204.135
MinimumVisualStudioVersion = 10.0.40219.1
Project("{FAE04EC0-301F-11D3-BF4B-00C04F79EFBC}") = "DAGProcessor", "DAGProcesspr\DAGProcessor.csproj", "{927597A6-BC6C-411B-A630-3D970D0369B9}"
EndProject
Global
	GlobalSection(SolutionConfigurationPlatforms) = preSolution
		Debug|Any CPU = Debug|Any CPU
		Release|Any CPU = Release|Any CPU
	EndGlobalSection
	GlobalSection(ProjectConfigurationPlatforms) = postSolution
		{927597A6-BC6C-411B-A630-3D970D0369B9}.Debug|Any CPU.ActiveCfg = Debug|Any CPU
		{927597A6-BC6C-411B-A630-3D970D0369B9}.Debug|Any CPU.Build.0 = Debug|Any CPU
		{927597A6-BC6C-411B-A630-3D970D0369B9}.Release|Any CPU.ActiveCfg = Release|Any CPU
		{927597A6-BC6C-411B-A630-3D970D0369B9}.Release|Any CPU.Build.0 = Release|Any CPU
	EndGlobalSection
	GlobalSection(SolutionProperties) = preSolution
		HideSolutionNode = FALSE
	EndGlobalSection
	GlobalSection(ExtensibilityGlobals) = postSolution
		SolutionGuid = {01BBDC84-5C86-4DA1-A21F-07EE7F45043C}
	EndGlobalSection
EndGlobal
